
Microsoft Visual Studio Solution File, Format Version 12.00
# Visual Studio Version 16
VisualStudioVersion = 16.0.32228.343
MinimumVisualStudioVersion = 10.0.40219.1
Project("{FAE04EC0-301F-11D3-BF4B-00C04F79EFBC}") = "testproject", "testproject\testproject.csproj", "{3EA80176-0F2C-4616-AFE5-C52B8F86DF84}"
EndProject
Global
	GlobalSection(SolutionConfigurationPlatforms) = preSolution
		Debug|Any CPU = Debug|Any CPU
		Release|Any CPU = Release|Any CPU
	EndGlobalSection
	GlobalSection(ProjectConfigurationPlatforms) = postSolution
		{3EA80176-0F2C-4616-AFE5-C52B8F86DF84}.Debug|Any CPU.ActiveCfg = Debug|Any CPU
		{3EA80176-0F2C-4616-AFE5-C52B8F86DF84}.Debug|Any CPU.Build.0 = Debug|Any CPU
		{3EA80176-0F2C-4616-AFE5-C52B8F86DF84}.Release|Any CPU.ActiveCfg = Release|Any CPU
		{3EA80176-0F2C-4616-AFE5-C52B8F86DF84}.Release|Any CPU.Build.0 = Release|Any CPU
	EndGlobalSection
	GlobalSection(SolutionProperties) = preSolution
		HideSolutionNode = FALSE
	EndGlobalSection
	GlobalSection(ExtensibilityGlobals) = postSolution
		SolutionGuid = {860670F1-0AAB-47D6-989A-493E7A9AC782}
	EndGlobalSection
EndGlobal
